
Microsoft Visual Studio Solution File, Format Version 12.00
# Visual Studio 2012
Project("{FAE04EC0-301F-11D3-BF4B-00C04F79EFBC}") = "RedNoble.Starmao.Web", "RedNoble.Starmao.Web\RedNoble.Starmao.Web.csproj", "{FD945D99-3561-40AD-91DE-44A6DD0F90D0}"
EndProject
Project("{FAE04EC0-301F-11D3-BF4B-00C04F79EFBC}") = "RedNoble.Starmao.MyBatis", "RedNoble.Starmao.MyBatis\RedNoble.Starmao.MyBatis.csproj", "{C39D2A88-B7AD-4CAF-BD42-2DB32F95EE05}"
EndProject
Project("{FAE04EC0-301F-11D3-BF4B-00C04F79EFBC}") = "RedNoble.Starmao.TestMyBatis", "RedNoble.Starmao.TestMyBatis\RedNoble.Starmao.TestMyBatis.csproj", "{6F304CB1-48E3-4EAA-999D-8CA866B4ACD4}"
EndProject
Project("{FAE04EC0-301F-11D3-BF4B-00C04F79EFBC}") = "RedNoble.Starmao.Model", "RedNoble.Starmao.Model\RedNoble.Starmao.Model.csproj", "{B2C188A7-A5B7-4B21-9CCE-E978F50509AA}"
EndProject
Project("{FAE04EC0-301F-11D3-BF4B-00C04F79EFBC}") = "RedNoble.Starmao.FrontWeb", "RedNoble.Starmao.FrontWeb\RedNoble.Starmao.FrontWeb.csproj", "{61EEFCF1-B6CE-4A3E-B692-F199D3EE92B0}"
EndProject
Project("{FAE04EC0-301F-11D3-BF4B-00C04F79EFBC}") = "RedNoble.Starmao.DesginPattern", "RedNoble.Starmao.DesginPattern\RedNoble.Starmao.DesginPattern.csproj", "{523C8E64-94C9-4159-8020-FF5805E2AA8D}"
EndProject
Project("{2150E333-8FDC-42A3-9474-1A3956D46DE8}") = "AutoMapperTest", "AutoMapperTest", "{2F1A2E40-D832-426A-9A7C-02A82EC19C60}"
EndProject
Project("{FAE04EC0-301F-11D3-BF4B-00C04F79EFBC}") = "RedNoble.Starmao.Study.AutoMapperTest", "RedNoble.Starmao.Study.AutoMapperTest\RedNoble.Starmao.Study.AutoMapperTest.csproj", "{180B304B-E208-413E-ABD3-540CB1B2D787}"
EndProject
Project("{2150E333-8FDC-42A3-9474-1A3956D46DE8}") = "设计模式", "设计模式", "{95A00E69-DDA7-45A5-BFCB-1C0ADD6A17E8}"
EndProject
Project("{2150E333-8FDC-42A3-9474-1A3956D46DE8}") = "MyBatis", "MyBatis", "{67476715-DB2D-43BB-857A-A147634A6C50}"
EndProject
Project("{2150E333-8FDC-42A3-9474-1A3956D46DE8}") = "9_基础设施", "9_基础设施", "{D5DFE289-FCEC-4E14-970C-7D01862DBF87}"
EndProject
Project("{FAE04EC0-301F-11D3-BF4B-00C04F79EFBC}") = "Framework.Mapping", "基础设施\Framework.Mapping\Framework.Mapping.csproj", "{D1A79F16-CF7E-479F-BB70-C924FD37404A}"
EndProject
Project("{FAE04EC0-301F-11D3-BF4B-00C04F79EFBC}") = "Framework.Common", "基础设施\Framework.Common\Framework.Common.csproj", "{FE8165A7-7AB4-4279-A206-F47F1E58E16B}"
EndProject
Project("{2150E333-8FDC-42A3-9474-1A3956D46DE8}") = "IOC容器_AutoFac", "IOC容器_AutoFac", "{5E8614FE-55C2-4A1A-A673-14591993E97D}"
EndProject
Project("{FAE04EC0-301F-11D3-BF4B-00C04F79EFBC}") = "RedNoble.Starmao.Study.AutoFacTest", "RedNoble.Starmao.Study.AutoFacTest\RedNoble.Starmao.Study.AutoFacTest.csproj", "{27DA8735-D181-41D7-AB08-7D3C622A9C4B}"
EndProject
Project("{2150E333-8FDC-42A3-9474-1A3956D46DE8}") = "配置", "配置", "{43278BC5-50DE-4496-9082-3737381EFAA1}"
EndProject
Project("{FAE04EC0-301F-11D3-BF4B-00C04F79EFBC}") = "RedNoble.Starmao.Study.Configuration", "RedNoble.Starmao.Study.Configuration\RedNoble.Starmao.Study.Configuration.csproj", "{3A391480-50DD-4B6E-8FDE-3FBB74A480E0}"
EndProject
Global
	GlobalSection(SolutionConfigurationPlatforms) = preSolution
		Debug|Any CPU = Debug|Any CPU
		Release|Any CPU = Release|Any CPU
	EndGlobalSection
	GlobalSection(ProjectConfigurationPlatforms) = postSolution
		{FD945D99-3561-40AD-91DE-44A6DD0F90D0}.Debug|Any CPU.ActiveCfg = Debug|Any CPU
		{FD945D99-3561-40AD-91DE-44A6DD0F90D0}.Debug|Any CPU.Build.0 = Debug|Any CPU
		{FD945D99-3561-40AD-91DE-44A6DD0F90D0}.Release|Any CPU.ActiveCfg = Release|Any CPU
		{FD945D99-3561-40AD-91DE-44A6DD0F90D0}.Release|Any CPU.Build.0 = Release|Any CPU
		{C39D2A88-B7AD-4CAF-BD42-2DB32F95EE05}.Debug|Any CPU.ActiveCfg = Debug|Any CPU
		{C39D2A88-B7AD-4CAF-BD42-2DB32F95EE05}.Debug|Any CPU.Build.0 = Debug|Any CPU
		{C39D2A88-B7AD-4CAF-BD42-2DB32F95EE05}.Release|Any CPU.ActiveCfg = Release|Any CPU
		{C39D2A88-B7AD-4CAF-BD42-2DB32F95EE05}.Release|Any CPU.Build.0 = Release|Any CPU
		{6F304CB1-48E3-4EAA-999D-8CA866B4ACD4}.Debug|Any CPU.ActiveCfg = Debug|Any CPU
		{6F304CB1-48E3-4EAA-999D-8CA866B4ACD4}.Debug|Any CPU.Build.0 = Debug|Any CPU
		{6F304CB1-48E3-4EAA-999D-8CA866B4ACD4}.Release|Any CPU.ActiveCfg = Release|Any CPU
		{6F304CB1-48E3-4EAA-999D-8CA866B4ACD4}.Release|Any CPU.Build.0 = Release|Any CPU
		{B2C188A7-A5B7-4B21-9CCE-E978F50509AA}.Debug|Any CPU.ActiveCfg = Debug|Any CPU
		{B2C188A7-A5B7-4B21-9CCE-E978F50509AA}.Debug|Any CPU.Build.0 = Debug|Any CPU
		{B2C188A7-A5B7-4B21-9CCE-E978F50509AA}.Release|Any CPU.ActiveCfg = Release|Any CPU
		{B2C188A7-A5B7-4B21-9CCE-E978F50509AA}.Release|Any CPU.Build.0 = Release|Any CPU
		{61EEFCF1-B6CE-4A3E-B692-F199D3EE92B0}.Debug|Any CPU.ActiveCfg = Debug|Any CPU
		{61EEFCF1-B6CE-4A3E-B692-F199D3EE92B0}.Debug|Any CPU.Build.0 = Debug|Any CPU
		{61EEFCF1-B6CE-4A3E-B692-F199D3EE92B0}.Release|Any CPU.ActiveCfg = Release|Any CPU
		{61EEFCF1-B6CE-4A3E-B692-F199D3EE92B0}.Release|Any CPU.Build.0 = Release|Any CPU
		{523C8E64-94C9-4159-8020-FF5805E2AA8D}.Debug|Any CPU.ActiveCfg = Debug|Any CPU
		{523C8E64-94C9-4159-8020-FF5805E2AA8D}.Debug|Any CPU.Build.0 = Debug|Any CPU
		{523C8E64-94C9-4159-8020-FF5805E2AA8D}.Release|Any CPU.ActiveCfg = Release|Any CPU
		{523C8E64-94C9-4159-8020-FF5805E2AA8D}.Release|Any CPU.Build.0 = Release|Any CPU
		{180B304B-E208-413E-ABD3-540CB1B2D787}.Debug|Any CPU.ActiveCfg = Debug|Any CPU
		{180B304B-E208-413E-ABD3-540CB1B2D787}.Debug|Any CPU.Build.0 = Debug|Any CPU
		{180B304B-E208-413E-ABD3-540CB1B2D787}.Release|Any CPU.ActiveCfg = Release|Any CPU
		{180B304B-E208-413E-ABD3-540CB1B2D787}.Release|Any CPU.Build.0 = Release|Any CPU
		{D1A79F16-CF7E-479F-BB70-C924FD37404A}.Debug|Any CPU.ActiveCfg = Debug|Any CPU
		{D1A79F16-CF7E-479F-BB70-C924FD37404A}.Debug|Any CPU.Build.0 = Debug|Any CPU
		{D1A79F16-CF7E-479F-BB70-C924FD37404A}.Release|Any CPU.ActiveCfg = Release|Any CPU
		{D1A79F16-CF7E-479F-BB70-C924FD37404A}.Release|Any CPU.Build.0 = Release|Any CPU
		{FE8165A7-7AB4-4279-A206-F47F1E58E16B}.Debug|Any CPU.ActiveCfg = Debug|Any CPU
		{FE8165A7-7AB4-4279-A206-F47F1E58E16B}.Debug|Any CPU.Build.0 = Debug|Any CPU
		{FE8165A7-7AB4-4279-A206-F47F1E58E16B}.Release|Any CPU.ActiveCfg = Release|Any CPU
		{FE8165A7-7AB4-4279-A206-F47F1E58E16B}.Release|Any CPU.Build.0 = Release|Any CPU
		{27DA8735-D181-41D7-AB08-7D3C622A9C4B}.Debug|Any CPU.ActiveCfg = Debug|Any CPU
		{27DA8735-D181-41D7-AB08-7D3C622A9C4B}.Debug|Any CPU.Build.0 = Debug|Any CPU
		{27DA8735-D181-41D7-AB08-7D3C622A9C4B}.Release|Any CPU.ActiveCfg = Release|Any CPU
		{27DA8735-D181-41D7-AB08-7D3C622A9C4B}.Release|Any CPU.Build.0 = Release|Any CPU
		{3A391480-50DD-4B6E-8FDE-3FBB74A480E0}.Debug|Any CPU.ActiveCfg = Debug|Any CPU
		{3A391480-50DD-4B6E-8FDE-3FBB74A480E0}.Debug|Any CPU.Build.0 = Debug|Any CPU
		{3A391480-50DD-4B6E-8FDE-3FBB74A480E0}.Release|Any CPU.ActiveCfg = Release|Any CPU
		{3A391480-50DD-4B6E-8FDE-3FBB74A480E0}.Release|Any CPU.Build.0 = Release|Any CPU
	EndGlobalSection
	GlobalSection(SolutionProperties) = preSolution
		HideSolutionNode = FALSE
	EndGlobalSection
	GlobalSection(NestedProjects) = preSolution
		{6F304CB1-48E3-4EAA-999D-8CA866B4ACD4} = {67476715-DB2D-43BB-857A-A147634A6C50}
		{C39D2A88-B7AD-4CAF-BD42-2DB32F95EE05} = {67476715-DB2D-43BB-857A-A147634A6C50}
		{523C8E64-94C9-4159-8020-FF5805E2AA8D} = {95A00E69-DDA7-45A5-BFCB-1C0ADD6A17E8}
		{180B304B-E208-413E-ABD3-540CB1B2D787} = {2F1A2E40-D832-426A-9A7C-02A82EC19C60}
		{D1A79F16-CF7E-479F-BB70-C924FD37404A} = {D5DFE289-FCEC-4E14-970C-7D01862DBF87}
		{FE8165A7-7AB4-4279-A206-F47F1E58E16B} = {D5DFE289-FCEC-4E14-970C-7D01862DBF87}
		{27DA8735-D181-41D7-AB08-7D3C622A9C4B} = {5E8614FE-55C2-4A1A-A673-14591993E97D}
		{3A391480-50DD-4B6E-8FDE-3FBB74A480E0} = {43278BC5-50DE-4496-9082-3737381EFAA1}
	EndGlobalSection
EndGlobal
